
Microsoft Visual Studio Solution File, Format Version 12.00
# Visual Studio 14
VisualStudioVersion = 14.0.25420.1
MinimumVisualStudioVersion = 10.0.40219.1
Project("{FAE04EC0-301F-11D3-BF4B-00C04F79EFBC}") = "TestChildTask", "TestChildTask\TestChildTask.csproj", "{35361381-A8C7-4864-850D-B4F14608C97D}"
EndProject
Project("{D954291E-2A0B-460D-934E-DC6B0785DB48}") = "Piaget-Core", "..\..\Piaget-Core\Piaget-Core.shproj", "{F5F34B0D-F7EA-4EBD-AA0F-11D358E752CA}"
EndProject
Global
	GlobalSection(SharedMSBuildProjectFiles) = preSolution
		..\..\Piaget-Core\Piaget-Core.projitems*{35361381-a8c7-4864-850d-b4f14608c97d}*SharedItemsImports = 4
		..\..\Piaget-Core\Piaget-Core.projitems*{f5f34b0d-f7ea-4ebd-aa0f-11d358e752ca}*SharedItemsImports = 13
	EndGlobalSection
	GlobalSection(SolutionConfigurationPlatforms) = preSolution
		Debug|Any CPU = Debug|Any CPU
		Release|Any CPU = Release|Any CPU
	EndGlobalSection
	GlobalSection(ProjectConfigurationPlatforms) = postSolution
		{35361381-A8C7-4864-850D-B4F14608C97D}.Debug|Any CPU.ActiveCfg = Debug|Any CPU
		{35361381-A8C7-4864-850D-B4F14608C97D}.Debug|Any CPU.Build.0 = Debug|Any CPU
		{35361381-A8C7-4864-850D-B4F14608C97D}.Release|Any CPU.ActiveCfg = Release|Any CPU
		{35361381-A8C7-4864-850D-B4F14608C97D}.Release|Any CPU.Build.0 = Release|Any CPU
	EndGlobalSection
	GlobalSection(SolutionProperties) = preSolution
		HideSolutionNode = FALSE
	EndGlobalSection
EndGlobal
