
Microsoft Visual Studio Solution File, Format Version 12.00
# Visual Studio 14
VisualStudioVersion = 14.0.25420.1
MinimumVisualStudioVersion = 10.0.40219.1
Project("{FAE04EC0-301F-11D3-BF4B-00C04F79EFBC}") = "PerformanceTest", "PerformanceTest\PerformanceTest.csproj", "{ED1952B8-8E12-4BD5-A837-7B0BE95D27CB}"
EndProject
Project("{D954291E-2A0B-460D-934E-DC6B0785DB48}") = "Piaget-Core", "..\..\Piaget-Core\Piaget-Core.shproj", "{F5F34B0D-F7EA-4EBD-AA0F-11D358E752CA}"
EndProject
Global
	GlobalSection(SharedMSBuildProjectFiles) = preSolution
		..\..\Piaget-Core\Piaget-Core.projitems*{ed1952b8-8e12-4bd5-a837-7b0be95d27cb}*SharedItemsImports = 4
		..\Lib4Testing\Lib4Testing\Lib4Testing.projitems*{ed1952b8-8e12-4bd5-a837-7b0be95d27cb}*SharedItemsImports = 4
		..\..\Piaget-Core\Piaget-Core.projitems*{f5f34b0d-f7ea-4ebd-aa0f-11d358e752ca}*SharedItemsImports = 13
	EndGlobalSection
	GlobalSection(SolutionConfigurationPlatforms) = preSolution
		Debug|Any CPU = Debug|Any CPU
		Release|Any CPU = Release|Any CPU
	EndGlobalSection
	GlobalSection(ProjectConfigurationPlatforms) = postSolution
		{ED1952B8-8E12-4BD5-A837-7B0BE95D27CB}.Debug|Any CPU.ActiveCfg = Debug|Any CPU
		{ED1952B8-8E12-4BD5-A837-7B0BE95D27CB}.Debug|Any CPU.Build.0 = Debug|Any CPU
		{ED1952B8-8E12-4BD5-A837-7B0BE95D27CB}.Release|Any CPU.ActiveCfg = Release|Any CPU
		{ED1952B8-8E12-4BD5-A837-7B0BE95D27CB}.Release|Any CPU.Build.0 = Release|Any CPU
	EndGlobalSection
	GlobalSection(SolutionProperties) = preSolution
		HideSolutionNode = FALSE
	EndGlobalSection
EndGlobal
