
Microsoft Visual Studio Solution File, Format Version 12.00
# Visual Studio 14
VisualStudioVersion = 14.0.25420.1
MinimumVisualStudioVersion = 10.0.40219.1
Project("{D954291E-2A0B-460D-934E-DC6B0785DB48}") = "Lib4Testing", "Lib4Testing\Lib4Testing.shproj", "{E19ACC1E-00F6-49CE-871B-39150C8D8D57}"
EndProject
Global
	GlobalSection(SharedMSBuildProjectFiles) = preSolution
		Lib4Testing\Lib4Testing.projitems*{e19acc1e-00f6-49ce-871b-39150c8d8d57}*SharedItemsImports = 13
	EndGlobalSection
	GlobalSection(SolutionProperties) = preSolution
		HideSolutionNode = FALSE
	EndGlobalSection
EndGlobal
